
Microsoft Visual Studio Solution File, Format Version 12.00
# Visual Studio Version 17
VisualStudioVersion = 17.1.31911.260
MinimumVisualStudioVersion = 10.0.40219.1
Project("{FAE04EC0-301F-11D3-BF4B-00C04F79EFBC}") = "MB.DBST", "DBST\MB.DBST.csproj", "{90A97C27-90B6-4A6D-8898-1B8E33CFE411}"
EndProject
Project("{FAE04EC0-301F-11D3-BF4B-00C04F79EFBC}") = "DBST Test", "DBST Test\DBST Test.csproj", "{94F9EB97-815F-4A7D-A058-4EA085DE0CAB}"
EndProject
Global
	GlobalSection(SolutionConfigurationPlatforms) = preSolution
		Debug|Any CPU = Debug|Any CPU
		Release|Any CPU = Release|Any CPU
	EndGlobalSection
	GlobalSection(ProjectConfigurationPlatforms) = postSolution
		{90A97C27-90B6-4A6D-8898-1B8E33CFE411}.Debug|Any CPU.ActiveCfg = Debug|Any CPU
		{90A97C27-90B6-4A6D-8898-1B8E33CFE411}.Debug|Any CPU.Build.0 = Debug|Any CPU
		{90A97C27-90B6-4A6D-8898-1B8E33CFE411}.Release|Any CPU.ActiveCfg = Release|Any CPU
		{90A97C27-90B6-4A6D-8898-1B8E33CFE411}.Release|Any CPU.Build.0 = Release|Any CPU
		{94F9EB97-815F-4A7D-A058-4EA085DE0CAB}.Debug|Any CPU.ActiveCfg = Debug|Any CPU
		{94F9EB97-815F-4A7D-A058-4EA085DE0CAB}.Debug|Any CPU.Build.0 = Debug|Any CPU
		{94F9EB97-815F-4A7D-A058-4EA085DE0CAB}.Release|Any CPU.ActiveCfg = Release|Any CPU
		{94F9EB97-815F-4A7D-A058-4EA085DE0CAB}.Release|Any CPU.Build.0 = Release|Any CPU
	EndGlobalSection
	GlobalSection(SolutionProperties) = preSolution
		HideSolutionNode = FALSE
	EndGlobalSection
	GlobalSection(ExtensibilityGlobals) = postSolution
		SolutionGuid = {846D4204-734E-4CC1-BF31-DAD5DA553AF6}
	EndGlobalSection
EndGlobal
